// !$*UTF8*$!
{
	archiveVersion = 1;
	classes = {
	};
	objectVersion = 46;
	objects = {

/* Begin PBXBuildFile section */
		4D1D904A1A04A8CA00C0315D /* Bolts.framework in Frameworks */ = {isa = PBXBuildFile; fileRef = 4D1D90471A04A8CA00C0315D /* Bolts.framework */; };
		4D1D904B1A04A8CA00C0315D /* Parse.framework in Frameworks */ = {isa = PBXBuildFile; fileRef = 4D1D90481A04A8CA00C0315D /* Parse.framework */; };
		4D1D904C1A04A8CA00C0315D /* ParseFacebookUtils.framework in Frameworks */ = {isa = PBXBuildFile; fileRef = 4D1D90491A04A8CA00C0315D /* ParseFacebookUtils.framework */; };
		4D1D904E1A04A90A00C0315D /* AudioToolbox.framework in Frameworks */ = {isa = PBXBuildFile; fileRef = 4D1D904D1A04A90A00C0315D /* AudioToolbox.framework */; };
		4D1D90501A04A92200C0315D /* CFNetwork.framework in Frameworks */ = {isa = PBXBuildFile; fileRef = 4D1D904F1A04A92200C0315D /* CFNetwork.framework */; };
		4D1D90521A04A92900C0315D /* CoreGraphics.framework in Frameworks */ = {isa = PBXBuildFile; fileRef = 4D1D90511A04A92900C0315D /* CoreGraphics.framework */; };
		4D1D90541A04A92F00C0315D /* CoreLocation.framework in Frameworks */ = {isa = PBXBuildFile; fileRef = 4D1D90531A04A92F00C0315D /* CoreLocation.framework */; };
		4D1D90561A04A94400C0315D /* libz.dylib in Frameworks */ = {isa = PBXBuildFile; fileRef = 4D1D90551A04A94400C0315D /* libz.dylib */; };
		4D1D90581A04A94A00C0315D /* MobileCoreServices.framework in Frameworks */ = {isa = PBXBuildFile; fileRef = 4D1D90571A04A94A00C0315D /* MobileCoreServices.framework */; };
		4D1D905A1A04A95000C0315D /* QuartzCore.framework in Frameworks */ = {isa = PBXBuildFile; fileRef = 4D1D90591A04A95000C0315D /* QuartzCore.framework */; };
		4D1D905C1A04A95700C0315D /* Security.framework in Frameworks */ = {isa = PBXBuildFile; fileRef = 4D1D905B1A04A95700C0315D /* Security.framework */; };
		4D1D905E1A04A95E00C0315D /* StoreKit.framework in Frameworks */ = {isa = PBXBuildFile; fileRef = 4D1D905D1A04A95E00C0315D /* StoreKit.framework */; };
		4D1D90601A04A96600C0315D /* SystemConfiguration.framework in Frameworks */ = {isa = PBXBuildFile; fileRef = 4D1D905F1A04A96600C0315D /* SystemConfiguration.framework */; };
		D57D9D051A035B710063D03A /* main.m in Sources */ = {isa = PBXBuildFile; fileRef = D57D9D041A035B710063D03A /* main.m */; };
		D57D9D081A035B710063D03A /* AppDelegate.m in Sources */ = {isa = PBXBuildFile; fileRef = D57D9D071A035B710063D03A /* AppDelegate.m */; };
		D57D9D0B1A035B710063D03A /* PitchHike.xcdatamodeld in Sources */ = {isa = PBXBuildFile; fileRef = D57D9D091A035B710063D03A /* PitchHike.xcdatamodeld */; };
		D57D9D0E1A035B710063D03A /* ViewController.m in Sources */ = {isa = PBXBuildFile; fileRef = D57D9D0D1A035B710063D03A /* ViewController.m */; };
		D57D9D111A035B710063D03A /* Main.storyboard in Resources */ = {isa = PBXBuildFile; fileRef = D57D9D0F1A035B710063D03A /* Main.storyboard */; };
		D57D9D131A035B710063D03A /* Images.xcassets in Resources */ = {isa = PBXBuildFile; fileRef = D57D9D121A035B710063D03A /* Images.xcassets */; };
		D57D9D161A035B710063D03A /* LaunchScreen.xib in Resources */ = {isa = PBXBuildFile; fileRef = D57D9D141A035B710063D03A /* LaunchScreen.xib */; };
		D57D9D221A035B710063D03A /* PitchHikeTests.m in Sources */ = {isa = PBXBuildFile; fileRef = D57D9D211A035B710063D03A /* PitchHikeTests.m */; };
		D57D9D2C1A046C4C0063D03A /* MapKit.framework in Frameworks */ = {isa = PBXBuildFile; fileRef = D57D9D2B1A046C4C0063D03A /* MapKit.framework */; settings = {ATTRIBUTES = (Required, ); }; };
		D57D9D361A046D580063D03A /* InitialViewController.m in Sources */ = {isa = PBXBuildFile; fileRef = D57D9D351A046D580063D03A /* InitialViewController.m */; };
		D57D9D391A046D6D0063D03A /* SettingsViewController.m in Sources */ = {isa = PBXBuildFile; fileRef = D57D9D381A046D6D0063D03A /* SettingsViewController.m */; };
		D57D9D3C1A046E190063D03A /* MainViewController.m in Sources */ = {isa = PBXBuildFile; fileRef = D57D9D3B1A046E190063D03A /* MainViewController.m */; };
/* End PBXBuildFile section */

/* Begin PBXContainerItemProxy section */
		D57D9D1C1A035B710063D03A /* PBXContainerItemProxy */ = {
			isa = PBXContainerItemProxy;
			containerPortal = D57D9CF71A035B710063D03A /* Project object */;
			proxyType = 1;
			remoteGlobalIDString = D57D9CFE1A035B710063D03A;
			remoteInfo = PitchHike;
		};
/* End PBXContainerItemProxy section */

/* Begin PBXFileReference section */
		4D1D90471A04A8CA00C0315D /* Bolts.framework */ = {isa = PBXFileReference; lastKnownFileType = wrapper.framework; path = Bolts.framework; sourceTree = "<group>"; };
		4D1D90481A04A8CA00C0315D /* Parse.framework */ = {isa = PBXFileReference; lastKnownFileType = wrapper.framework; path = Parse.framework; sourceTree = "<group>"; };
		4D1D90491A04A8CA00C0315D /* ParseFacebookUtils.framework */ = {isa = PBXFileReference; lastKnownFileType = wrapper.framework; path = ParseFacebookUtils.framework; sourceTree = "<group>"; };
		4D1D904D1A04A90A00C0315D /* AudioToolbox.framework */ = {isa = PBXFileReference; lastKnownFileType = wrapper.framework; name = AudioToolbox.framework; path = System/Library/Frameworks/AudioToolbox.framework; sourceTree = SDKROOT; };
		4D1D904F1A04A92200C0315D /* CFNetwork.framework */ = {isa = PBXFileReference; lastKnownFileType = wrapper.framework; name = CFNetwork.framework; path = System/Library/Frameworks/CFNetwork.framework; sourceTree = SDKROOT; };
		4D1D90511A04A92900C0315D /* CoreGraphics.framework */ = {isa = PBXFileReference; lastKnownFileType = wrapper.framework; name = CoreGraphics.framework; path = System/Library/Frameworks/CoreGraphics.framework; sourceTree = SDKROOT; };
		4D1D90531A04A92F00C0315D /* CoreLocation.framework */ = {isa = PBXFileReference; lastKnownFileType = wrapper.framework; name = CoreLocation.framework; path = System/Library/Frameworks/CoreLocation.framework; sourceTree = SDKROOT; };
		4D1D90551A04A94400C0315D /* libz.dylib */ = {isa = PBXFileReference; lastKnownFileType = "compiled.mach-o.dylib"; name = libz.dylib; path = usr/lib/libz.dylib; sourceTree = SDKROOT; };
		4D1D90571A04A94A00C0315D /* MobileCoreServices.framework */ = {isa = PBXFileReference; lastKnownFileType = wrapper.framework; name = MobileCoreServices.framework; path = System/Library/Frameworks/MobileCoreServices.framework; sourceTree = SDKROOT; };
		4D1D90591A04A95000C0315D /* QuartzCore.framework */ = {isa = PBXFileReference; lastKnownFileType = wrapper.framework; name = QuartzCore.framework; path = System/Library/Frameworks/QuartzCore.framework; sourceTree = SDKROOT; };
		4D1D905B1A04A95700C0315D /* Security.framework */ = {isa = PBXFileReference; lastKnownFileType = wrapper.framework; name = Security.framework; path = System/Library/Frameworks/Security.framework; sourceTree = SDKROOT; };
		4D1D905D1A04A95E00C0315D /* StoreKit.framework */ = {isa = PBXFileReference; lastKnownFileType = wrapper.framework; name = StoreKit.framework; path = System/Library/Frameworks/StoreKit.framework; sourceTree = SDKROOT; };
		4D1D905F1A04A96600C0315D /* SystemConfiguration.framework */ = {isa = PBXFileReference; lastKnownFileType = wrapper.framework; name = SystemConfiguration.framework; path = System/Library/Frameworks/SystemConfiguration.framework; sourceTree = SDKROOT; };
		D57D9CFF1A035B710063D03A /* PitchHike.app */ = {isa = PBXFileReference; explicitFileType = wrapper.application; includeInIndex = 0; path = PitchHike.app; sourceTree = BUILT_PRODUCTS_DIR; };
		D57D9D031A035B710063D03A /* Info.plist */ = {isa = PBXFileReference; lastKnownFileType = text.plist.xml; path = Info.plist; sourceTree = "<group>"; };
		D57D9D041A035B710063D03A /* main.m */ = {isa = PBXFileReference; lastKnownFileType = sourcecode.c.objc; path = main.m; sourceTree = "<group>"; };
		D57D9D061A035B710063D03A /* AppDelegate.h */ = {isa = PBXFileReference; lastKnownFileType = sourcecode.c.h; path = AppDelegate.h; sourceTree = "<group>"; };
		D57D9D071A035B710063D03A /* AppDelegate.m */ = {isa = PBXFileReference; lastKnownFileType = sourcecode.c.objc; path = AppDelegate.m; sourceTree = "<group>"; };
		D57D9D0A1A035B710063D03A /* PitchHike.xcdatamodel */ = {isa = PBXFileReference; lastKnownFileType = wrapper.xcdatamodel; path = PitchHike.xcdatamodel; sourceTree = "<group>"; };
		D57D9D0C1A035B710063D03A /* ViewController.h */ = {isa = PBXFileReference; lastKnownFileType = sourcecode.c.h; path = ViewController.h; sourceTree = "<group>"; };
		D57D9D0D1A035B710063D03A /* ViewController.m */ = {isa = PBXFileReference; lastKnownFileType = sourcecode.c.objc; path = ViewController.m; sourceTree = "<group>"; };
		D57D9D101A035B710063D03A /* Base */ = {isa = PBXFileReference; lastKnownFileType = file.storyboard; name = Base; path = Base.lproj/Main.storyboard; sourceTree = "<group>"; };
		D57D9D121A035B710063D03A /* Images.xcassets */ = {isa = PBXFileReference; lastKnownFileType = folder.assetcatalog; path = Images.xcassets; sourceTree = "<group>"; };
		D57D9D151A035B710063D03A /* Base */ = {isa = PBXFileReference; lastKnownFileType = file.xib; name = Base; path = Base.lproj/LaunchScreen.xib; sourceTree = "<group>"; };
		D57D9D1B1A035B710063D03A /* PitchHikeTests.xctest */ = {isa = PBXFileReference; explicitFileType = wrapper.cfbundle; includeInIndex = 0; path = PitchHikeTests.xctest; sourceTree = BUILT_PRODUCTS_DIR; };
		D57D9D201A035B710063D03A /* Info.plist */ = {isa = PBXFileReference; lastKnownFileType = text.plist.xml; path = Info.plist; sourceTree = "<group>"; };
		D57D9D211A035B710063D03A /* PitchHikeTests.m */ = {isa = PBXFileReference; lastKnownFileType = sourcecode.c.objc; path = PitchHikeTests.m; sourceTree = "<group>"; };
		D57D9D2B1A046C4C0063D03A /* MapKit.framework */ = {isa = PBXFileReference; lastKnownFileType = wrapper.framework; name = MapKit.framework; path = System/Library/Frameworks/MapKit.framework; sourceTree = SDKROOT; };
		D57D9D341A046D580063D03A /* InitialViewController.h */ = {isa = PBXFileReference; fileEncoding = 4; lastKnownFileType = sourcecode.c.h; path = InitialViewController.h; sourceTree = "<group>"; };
		D57D9D351A046D580063D03A /* InitialViewController.m */ = {isa = PBXFileReference; fileEncoding = 4; lastKnownFileType = sourcecode.c.objc; path = InitialViewController.m; sourceTree = "<group>"; };
		D57D9D371A046D6D0063D03A /* SettingsViewController.h */ = {isa = PBXFileReference; fileEncoding = 4; lastKnownFileType = sourcecode.c.h; path = SettingsViewController.h; sourceTree = "<group>"; };
		D57D9D381A046D6D0063D03A /* SettingsViewController.m */ = {isa = PBXFileReference; fileEncoding = 4; lastKnownFileType = sourcecode.c.objc; path = SettingsViewController.m; sourceTree = "<group>"; };
		D57D9D3A1A046E190063D03A /* MainViewController.h */ = {isa = PBXFileReference; fileEncoding = 4; lastKnownFileType = sourcecode.c.h; path = MainViewController.h; sourceTree = "<group>"; };
		D57D9D3B1A046E190063D03A /* MainViewController.m */ = {isa = PBXFileReference; fileEncoding = 4; lastKnownFileType = sourcecode.c.objc; path = MainViewController.m; sourceTree = "<group>"; };
/* End PBXFileReference section */

/* Begin PBXFrameworksBuildPhase section */
		D57D9CFC1A035B710063D03A /* Frameworks */ = {
			isa = PBXFrameworksBuildPhase;
			buildActionMask = 2147483647;
			files = (
				4D1D90601A04A96600C0315D /* SystemConfiguration.framework in Frameworks */,
				4D1D905E1A04A95E00C0315D /* StoreKit.framework in Frameworks */,
				4D1D905C1A04A95700C0315D /* Security.framework in Frameworks */,
				4D1D905A1A04A95000C0315D /* QuartzCore.framework in Frameworks */,
				4D1D90581A04A94A00C0315D /* MobileCoreServices.framework in Frameworks */,
				4D1D90561A04A94400C0315D /* libz.dylib in Frameworks */,
				4D1D90541A04A92F00C0315D /* CoreLocation.framework in Frameworks */,
				4D1D90521A04A92900C0315D /* CoreGraphics.framework in Frameworks */,
				4D1D90501A04A92200C0315D /* CFNetwork.framework in Frameworks */,
				4D1D904E1A04A90A00C0315D /* AudioToolbox.framework in Frameworks */,
				D57D9D2C1A046C4C0063D03A /* MapKit.framework in Frameworks */,
				4D1D904B1A04A8CA00C0315D /* Parse.framework in Frameworks */,
				4D1D904C1A04A8CA00C0315D /* ParseFacebookUtils.framework in Frameworks */,
				4D1D904A1A04A8CA00C0315D /* Bolts.framework in Frameworks */,
			);
			runOnlyForDeploymentPostprocessing = 0;
		};
		D57D9D181A035B710063D03A /* Frameworks */ = {
			isa = PBXFrameworksBuildPhase;
			buildActionMask = 2147483647;
			files = (
			);
			runOnlyForDeploymentPostprocessing = 0;
		};
/* End PBXFrameworksBuildPhase section */

/* Begin PBXGroup section */
		4D1D90611A04AA8300C0315D /* Frameworks */ = {
			isa = PBXGroup;
			children = (
				4D1D905F1A04A96600C0315D /* SystemConfiguration.framework */,
				4D1D905D1A04A95E00C0315D /* StoreKit.framework */,
				4D1D905B1A04A95700C0315D /* Security.framework */,
				4D1D90591A04A95000C0315D /* QuartzCore.framework */,
				4D1D90571A04A94A00C0315D /* MobileCoreServices.framework */,
				4D1D90551A04A94400C0315D /* libz.dylib */,
				4D1D90531A04A92F00C0315D /* CoreLocation.framework */,
				4D1D90511A04A92900C0315D /* CoreGraphics.framework */,
				4D1D904F1A04A92200C0315D /* CFNetwork.framework */,
				4D1D904D1A04A90A00C0315D /* AudioToolbox.framework */,
				D57D9D2B1A046C4C0063D03A /* MapKit.framework */,
				4D1D90471A04A8CA00C0315D /* Bolts.framework */,
				4D1D90481A04A8CA00C0315D /* Parse.framework */,
				4D1D90491A04A8CA00C0315D /* ParseFacebookUtils.framework */,
			);
			name = Frameworks;
			sourceTree = "<group>";
		};
		D57D9CF61A035B710063D03A = {
			isa = PBXGroup;
			children = (
				D57D9D011A035B710063D03A /* PitchHike */,
				D57D9D1E1A035B710063D03A /* PitchHikeTests */,
				D57D9D001A035B710063D03A /* Products */,
				4D1D90611A04AA8300C0315D /* Frameworks */,
			);
			sourceTree = "<group>";
		};
		D57D9D001A035B710063D03A /* Products */ = {
			isa = PBXGroup;
			children = (
				D57D9CFF1A035B710063D03A /* PitchHike.app */,
				D57D9D1B1A035B710063D03A /* PitchHikeTests.xctest */,
			);
			name = Products;
			sourceTree = "<group>";
		};
		D57D9D011A035B710063D03A /* PitchHike */ = {
			isa = PBXGroup;
			children = (
				D57D9D0F1A035B710063D03A /* Main.storyboard */,
				D57D9D061A035B710063D03A /* AppDelegate.h */,
				D57D9D071A035B710063D03A /* AppDelegate.m */,
				D57D9D0C1A035B710063D03A /* ViewController.h */,
				D57D9D0D1A035B710063D03A /* ViewController.m */,
				D57D9D331A046CF10063D03A /* View Controllers */,
				D57D9D121A035B710063D03A /* Images.xcassets */,
				D57D9D141A035B710063D03A /* LaunchScreen.xib */,
				D57D9D091A035B710063D03A /* PitchHike.xcdatamodeld */,
				D57D9D021A035B710063D03A /* Supporting Files */,
			);
			path = PitchHike;
			sourceTree = "<group>";
		};
		D57D9D021A035B710063D03A /* Supporting Files */ = {
			isa = PBXGroup;
			children = (
				D57D9D031A035B710063D03A /* Info.plist */,
				D57D9D041A035B710063D03A /* main.m */,
			);
			name = "Supporting Files";
			sourceTree = "<group>";
		};
		D57D9D1E1A035B710063D03A /* PitchHikeTests */ = {
			isa = PBXGroup;
			children = (
				D57D9D211A035B710063D03A /* PitchHikeTests.m */,
				D57D9D1F1A035B710063D03A /* Supporting Files */,
			);
			path = PitchHikeTests;
			sourceTree = "<group>";
		};
		D57D9D1F1A035B710063D03A /* Supporting Files */ = {
			isa = PBXGroup;
			children = (
				D57D9D201A035B710063D03A /* Info.plist */,
			);
			name = "Supporting Files";
			sourceTree = "<group>";
		};
		D57D9D331A046CF10063D03A /* View Controllers */ = {
			isa = PBXGroup;
			children = (
				D57D9D341A046D580063D03A /* InitialViewController.h */,
				D57D9D351A046D580063D03A /* InitialViewController.m */,
				D57D9D371A046D6D0063D03A /* SettingsViewController.h */,
				D57D9D381A046D6D0063D03A /* SettingsViewController.m */,
				D57D9D3A1A046E190063D03A /* MainViewController.h */,
				D57D9D3B1A046E190063D03A /* MainViewController.m */,
			);
			name = "View Controllers";
			sourceTree = "<group>";
		};
/* End PBXGroup section */

/* Begin PBXNativeTarget section */
		D57D9CFE1A035B710063D03A /* PitchHike */ = {
			isa = PBXNativeTarget;
			buildConfigurationList = D57D9D251A035B710063D03A /* Build configuration list for PBXNativeTarget "PitchHike" */;
			buildPhases = (
				D57D9CFB1A035B710063D03A /* Sources */,
				D57D9CFC1A035B710063D03A /* Frameworks */,
				D57D9CFD1A035B710063D03A /* Resources */,
			);
			buildRules = (
			);
			dependencies = (
			);
			name = PitchHike;
			productName = PitchHike;
			productReference = D57D9CFF1A035B710063D03A /* PitchHike.app */;
			productType = "com.apple.product-type.application";
		};
		D57D9D1A1A035B710063D03A /* PitchHikeTests */ = {
			isa = PBXNativeTarget;
			buildConfigurationList = D57D9D281A035B710063D03A /* Build configuration list for PBXNativeTarget "PitchHikeTests" */;
			buildPhases = (
				D57D9D171A035B710063D03A /* Sources */,
				D57D9D181A035B710063D03A /* Frameworks */,
				D57D9D191A035B710063D03A /* Resources */,
			);
			buildRules = (
			);
			dependencies = (
				D57D9D1D1A035B710063D03A /* PBXTargetDependency */,
			);
			name = PitchHikeTests;
			productName = PitchHikeTests;
			productReference = D57D9D1B1A035B710063D03A /* PitchHikeTests.xctest */;
			productType = "com.apple.product-type.bundle.unit-test";
		};
/* End PBXNativeTarget section */

/* Begin PBXProject section */
		D57D9CF71A035B710063D03A /* Project object */ = {
			isa = PBXProject;
			attributes = {
				LastUpgradeCheck = 0610;
				ORGANIZATIONNAME = PitchHikeinc;
				TargetAttributes = {
					D57D9CFE1A035B710063D03A = {
						CreatedOnToolsVersion = 6.1;
					};
					D57D9D1A1A035B710063D03A = {
						CreatedOnToolsVersion = 6.1;
						TestTargetID = D57D9CFE1A035B710063D03A;
					};
				};
			};
			buildConfigurationList = D57D9CFA1A035B710063D03A /* Build configuration list for PBXProject "PitchHike" */;
			compatibilityVersion = "Xcode 3.2";
			developmentRegion = English;
			hasScannedForEncodings = 0;
			knownRegions = (
				en,
				Base,
			);
			mainGroup = D57D9CF61A035B710063D03A;
			productRefGroup = D57D9D001A035B710063D03A /* Products */;
			projectDirPath = "";
			projectRoot = "";
			targets = (
				D57D9CFE1A035B710063D03A /* PitchHike */,
				D57D9D1A1A035B710063D03A /* PitchHikeTests */,
			);
		};
/* End PBXProject section */

/* Begin PBXResourcesBuildPhase section */
		D57D9CFD1A035B710063D03A /* Resources */ = {
			isa = PBXResourcesBuildPhase;
			buildActionMask = 2147483647;
			files = (
				D57D9D111A035B710063D03A /* Main.storyboard in Resources */,
				D57D9D161A035B710063D03A /* LaunchScreen.xib in Resources */,
				D57D9D131A035B710063D03A /* Images.xcassets in Resources */,
			);
			runOnlyForDeploymentPostprocessing = 0;
		};
		D57D9D191A035B710063D03A /* Resources */ = {
			isa = PBXResourcesBuildPhase;
			buildActionMask = 2147483647;
			files = (
			);
			runOnlyForDeploymentPostprocessing = 0;
		};
/* End PBXResourcesBuildPhase section */

/* Begin PBXSourcesBuildPhase section */
		D57D9CFB1A035B710063D03A /* Sources */ = {
			isa = PBXSourcesBuildPhase;
			buildActionMask = 2147483647;
			files = (
				D57D9D361A046D580063D03A /* InitialViewController.m in Sources */,
				D57D9D081A035B710063D03A /* AppDelegate.m in Sources */,
				D57D9D0B1A035B710063D03A /* PitchHike.xcdatamodeld in Sources */,
				D57D9D391A046D6D0063D03A /* SettingsViewController.m in Sources */,
				D57D9D3C1A046E190063D03A /* MainViewController.m in Sources */,
				D57D9D0E1A035B710063D03A /* ViewController.m in Sources */,
				D57D9D051A035B710063D03A /* main.m in Sources */,
			);
			runOnlyForDeploymentPostprocessing = 0;
		};
		D57D9D171A035B710063D03A /* Sources */ = {
			isa = PBXSourcesBuildPhase;
			buildActionMask = 2147483647;
			files = (
				D57D9D221A035B710063D03A /* PitchHikeTests.m in Sources */,
			);
			runOnlyForDeploymentPostprocessing = 0;
		};
/* End PBXSourcesBuildPhase section */

/* Begin PBXTargetDependency section */
		D57D9D1D1A035B710063D03A /* PBXTargetDependency */ = {
			isa = PBXTargetDependency;
			target = D57D9CFE1A035B710063D03A /* PitchHike */;
			targetProxy = D57D9D1C1A035B710063D03A /* PBXContainerItemProxy */;
		};
/* End PBXTargetDependency section */

/* Begin PBXVariantGroup section */
		D57D9D0F1A035B710063D03A /* Main.storyboard */ = {
			isa = PBXVariantGroup;
			children = (
				D57D9D101A035B710063D03A /* Base */,
			);
			name = Main.storyboard;
			sourceTree = "<group>";
		};
		D57D9D141A035B710063D03A /* LaunchScreen.xib */ = {
			isa = PBXVariantGroup;
			children = (
				D57D9D151A035B710063D03A /* Base */,
			);
			name = LaunchScreen.xib;
			sourceTree = "<group>";
		};
/* End PBXVariantGroup section */

/* Begin XCBuildConfiguration section */
		D57D9D231A035B710063D03A /* Debug */ = {
			isa = XCBuildConfiguration;
			buildSettings = {
				ALWAYS_SEARCH_USER_PATHS = NO;
				CLANG_CXX_LANGUAGE_STANDARD = "gnu++0x";
				CLANG_CXX_LIBRARY = "libc++";
				CLANG_ENABLE_MODULES = YES;
				CLANG_ENABLE_OBJC_ARC = YES;
				CLANG_WARN_BOOL_CONVERSION = YES;
				CLANG_WARN_CONSTANT_CONVERSION = YES;
				CLANG_WARN_DIRECT_OBJC_ISA_USAGE = YES_ERROR;
				CLANG_WARN_EMPTY_BODY = YES;
				CLANG_WARN_ENUM_CONVERSION = YES;
				CLANG_WARN_INT_CONVERSION = YES;
				CLANG_WARN_OBJC_ROOT_CLASS = YES_ERROR;
				CLANG_WARN_UNREACHABLE_CODE = YES;
				CLANG_WARN__DUPLICATE_METHOD_MATCH = YES;
				"CODE_SIGN_IDENTITY[sdk=iphoneos*]" = "iPhone Developer";
				COPY_PHASE_STRIP = NO;
				ENABLE_STRICT_OBJC_MSGSEND = YES;
				GCC_C_LANGUAGE_STANDARD = gnu99;
				GCC_DYNAMIC_NO_PIC = NO;
				GCC_OPTIMIZATION_LEVEL = 0;
				GCC_PREPROCESSOR_DEFINITIONS = (
					"DEBUG=1",
					"$(inherited)",
				);
				GCC_SYMBOLS_PRIVATE_EXTERN = NO;
				GCC_WARN_64_TO_32_BIT_CONVERSION = YES;
				GCC_WARN_ABOUT_RETURN_TYPE = YES_ERROR;
				GCC_WARN_UNDECLARED_SELECTOR = YES;
				GCC_WARN_UNINITIALIZED_AUTOS = YES_AGGRESSIVE;
				GCC_WARN_UNUSED_FUNCTION = YES;
				GCC_WARN_UNUSED_VARIABLE = YES;
				IPHONEOS_DEPLOYMENT_TARGET = 8.1;
				MTL_ENABLE_DEBUG_INFO = YES;
				ONLY_ACTIVE_ARCH = YES;
				SDKROOT = iphoneos;
			};
			name = Debug;
		};
		D57D9D241A035B710063D03A /* Release */ = {
			isa = XCBuildConfiguration;
			buildSettings = {
				ALWAYS_SEARCH_USER_PATHS = NO;
				CLANG_CXX_LANGUAGE_STANDARD = "gnu++0x";
				CLANG_CXX_LIBRARY = "libc++";
				CLANG_ENABLE_MODULES = YES;
				CLANG_ENABLE_OBJC_ARC = YES;
				CLANG_WARN_BOOL_CONVERSION = YES;
				CLANG_WARN_CONSTANT_CONVERSION = YES;
				CLANG_WARN_DIRECT_OBJC_ISA_USAGE = YES_ERROR;
				CLANG_WARN_EMPTY_BODY = YES;
				CLANG_WARN_ENUM_CONVERSION = YES;
				CLANG_WARN_INT_CONVERSION = YES;
				CLANG_WARN_OBJC_ROOT_CLASS = YES_ERROR;
				CLANG_WARN_UNREACHABLE_CODE = YES;
				CLANG_WARN__DUPLICATE_METHOD_MATCH = YES;
				"CODE_SIGN_IDENTITY[sdk=iphoneos*]" = "iPhone Developer";
				COPY_PHASE_STRIP = YES;
				ENABLE_NS_ASSERTIONS = NO;
				ENABLE_STRICT_OBJC_MSGSEND = YES;
				GCC_C_LANGUAGE_STANDARD = gnu99;
				GCC_WARN_64_TO_32_BIT_CONVERSION = YES;
				GCC_WARN_ABOUT_RETURN_TYPE = YES_ERROR;
				GCC_WARN_UNDECLARED_SELECTOR = YES;
				GCC_WARN_UNINITIALIZED_AUTOS = YES_AGGRESSIVE;
				GCC_WARN_UNUSED_FUNCTION = YES;
				GCC_WARN_UNUSED_VARIABLE = YES;
				IPHONEOS_DEPLOYMENT_TARGET = 8.1;
				MTL_ENABLE_DEBUG_INFO = NO;
				SDKROOT = iphoneos;
				VALIDATE_PRODUCT = YES;
			};
			name = Release;
		};
		D57D9D261A035B710063D03A /* Debug */ = {
			isa = XCBuildConfiguration;
			buildSettings = {
				ASSETCATALOG_COMPILER_APPICON_NAME = AppIcon;
				FRAMEWORK_SEARCH_PATHS = (
					"$(inherited)",
					"$(PROJECT_DIR)",
				);
				INFOPLIST_FILE = PitchHike/Info.plist;
				LD_RUNPATH_SEARCH_PATHS = "$(inherited) @executable_path/Frameworks";
				PRODUCT_NAME = "$(TARGET_NAME)";
			};
			name = Debug;
		};
		D57D9D271A035B710063D03A /* Release */ = {
			isa = XCBuildConfiguration;
			buildSettings = {
				ASSETCATALOG_COMPILER_APPICON_NAME = AppIcon;
				FRAMEWORK_SEARCH_PATHS = (
					"$(inherited)",
					"$(PROJECT_DIR)",
				);
				INFOPLIST_FILE = PitchHike/Info.plist;
				LD_RUNPATH_SEARCH_PATHS = "$(inherited) @executable_path/Frameworks";
				PRODUCT_NAME = "$(TARGET_NAME)";
			};
			name = Release;
		};
		D57D9D291A035B710063D03A /* Debug */ = {
			isa = XCBuildConfiguration;
			buildSettings = {
				BUNDLE_LOADER = "$(TEST_HOST)";
				FRAMEWORK_SEARCH_PATHS = (
					"$(SDKROOT)/Developer/Library/Frameworks",
					"$(inherited)",
				);
				GCC_PREPROCESSOR_DEFINITIONS = (
					"DEBUG=1",
					"$(inherited)",
				);
				INFOPLIST_FILE = PitchHikeTests/Info.plist;
				LD_RUNPATH_SEARCH_PATHS = "$(inherited) @executable_path/Frameworks @loader_path/Frameworks";
				PRODUCT_NAME = "$(TARGET_NAME)";
				TEST_HOST = "$(BUILT_PRODUCTS_DIR)/PitchHike.app/PitchHike";
			};
			name = Debug;
		};
		D57D9D2A1A035B710063D03A /* Release */ = {
			isa = XCBuildConfiguration;
			buildSettings = {
				BUNDLE_LOADER = "$(TEST_HOST)";
				FRAMEWORK_SEARCH_PATHS = (
					"$(SDKROOT)/Developer/Library/Frameworks",
					"$(inherited)",
				);
				INFOPLIST_FILE = PitchHikeTests/Info.plist;
				LD_RUNPATH_SEARCH_PATHS = "$(inherited) @executable_path/Frameworks @loader_path/Frameworks";
				PRODUCT_NAME = "$(TARGET_NAME)";
				TEST_HOST = "$(BUILT_PRODUCTS_DIR)/PitchHike.app/PitchHike";
			};
			name = Release;
		};
/* End XCBuildConfiguration section */

/* Begin XCConfigurationList section */
		D57D9CFA1A035B710063D03A /* Build configuration list for PBXProject "PitchHike" */ = {
			isa = XCConfigurationList;
			buildConfigurations = (
				D57D9D231A035B710063D03A /* Debug */,
				D57D9D241A035B710063D03A /* Release */,
			);
			defaultConfigurationIsVisible = 0;
			defaultConfigurationName = Release;
		};
		D57D9D251A035B710063D03A /* Build configuration list for PBXNativeTarget "PitchHike" */ = {
			isa = XCConfigurationList;
			buildConfigurations = (
				D57D9D261A035B710063D03A /* Debug */,
				D57D9D271A035B710063D03A /* Release */,
			);
			defaultConfigurationIsVisible = 0;
			defaultConfigurationName = Release;
		};
		D57D9D281A035B710063D03A /* Build configuration list for PBXNativeTarget "PitchHikeTests" */ = {
			isa = XCConfigurationList;
			buildConfigurations = (
				D57D9D291A035B710063D03A /* Debug */,
				D57D9D2A1A035B710063D03A /* Release */,
			);
			defaultConfigurationIsVisible = 0;
			defaultConfigurationName = Release;
		};
/* End XCConfigurationList section */

/* Begin XCVersionGroup section */
		D57D9D091A035B710063D03A /* PitchHike.xcdatamodeld */ = {
			isa = XCVersionGroup;
			children = (
				D57D9D0A1A035B710063D03A /* PitchHike.xcdatamodel */,
			);
			currentVersion = D57D9D0A1A035B710063D03A /* PitchHike.xcdatamodel */;
			path = PitchHike.xcdatamodeld;
			sourceTree = "<group>";
			versionGroupType = wrapper.xcdatamodel;
		};
/* End XCVersionGroup section */
	};
	rootObject = D57D9CF71A035B710063D03A /* Project object */;
}
